
Microsoft Visual Studio Solution File, Format Version 12.00
# Visual Studio 15
VisualStudioVersion = 15.0.28307.329
MinimumVisualStudioVersion = 10.0.40219.1
Project("{FAE04EC0-301F-11D3-BF4B-00C04F79EFBC}") = "ConditionStatment", "ConditionStatment\ConditionStatment.csproj", "{3992E2E4-3690-4331-BEFF-3B3A041358E0}"
EndProject
Global
	GlobalSection(SolutionConfigurationPlatforms) = preSolution
		Debug|Any CPU = Debug|Any CPU
		Release|Any CPU = Release|Any CPU
	EndGlobalSection
	GlobalSection(ProjectConfigurationPlatforms) = postSolution
		{3992E2E4-3690-4331-BEFF-3B3A041358E0}.Debug|Any CPU.ActiveCfg = Debug|Any CPU
		{3992E2E4-3690-4331-BEFF-3B3A041358E0}.Debug|Any CPU.Build.0 = Debug|Any CPU
		{3992E2E4-3690-4331-BEFF-3B3A041358E0}.Release|Any CPU.ActiveCfg = Release|Any CPU
		{3992E2E4-3690-4331-BEFF-3B3A041358E0}.Release|Any CPU.Build.0 = Release|Any CPU
	EndGlobalSection
	GlobalSection(SolutionProperties) = preSolution
		HideSolutionNode = FALSE
	EndGlobalSection
	GlobalSection(ExtensibilityGlobals) = postSolution
		SolutionGuid = {B483D48B-EBBB-4573-913C-9BECA367C6E4}
	EndGlobalSection
EndGlobal
